
Microsoft Visual Studio Solution File, Format Version 12.00
# Visual Studio Version 17
VisualStudioVersion = 17.2.32616.157
MinimumVisualStudioVersion = 10.0.40219.1
Project("{FAE04EC0-301F-11D3-BF4B-00C04F79EFBC}") = "Quizshow", "Quizshow\Quizshow.csproj", "{447F2814-261C-469B-86F1-5F7B89C4823A}"
EndProject
Global
	GlobalSection(SolutionConfigurationPlatforms) = preSolution
		Debug|Any CPU = Debug|Any CPU
		Release|Any CPU = Release|Any CPU
	EndGlobalSection
	GlobalSection(ProjectConfigurationPlatforms) = postSolution
		{447F2814-261C-469B-86F1-5F7B89C4823A}.Debug|Any CPU.ActiveCfg = Debug|Any CPU
		{447F2814-261C-469B-86F1-5F7B89C4823A}.Debug|Any CPU.Build.0 = Debug|Any CPU
		{447F2814-261C-469B-86F1-5F7B89C4823A}.Release|Any CPU.ActiveCfg = Release|Any CPU
		{447F2814-261C-469B-86F1-5F7B89C4823A}.Release|Any CPU.Build.0 = Release|Any CPU
	EndGlobalSection
	GlobalSection(SolutionProperties) = preSolution
		HideSolutionNode = FALSE
	EndGlobalSection
	GlobalSection(ExtensibilityGlobals) = postSolution
		SolutionGuid = {9F6C2E78-0232-43A0-A9AB-0AA1FFC43608}
	EndGlobalSection
EndGlobal
